{
  "socketPath": "/tmp/mcp-OwvZwN/mcp.sock",
  "scheme": "unix",
  "headers": {
    "Authorization": "Nonce ebb6f92e-340b-48ae-a3f1-22798cd97b58"
  },
  "pid": 2898186,
  "ideName": "Visual Studio Code",
  "timestamp": 1771854526305,
  "workspaceFolders": [
    "/home/tu/tu_tu/tu_zxown31"
  ],
  "isTrusted": true
}