{
  "socketPath": "/tmp/mcp-PkCcIi/mcp.sock",
  "scheme": "unix",
  "headers": {
    "Authorization": "Nonce 15ee4249-68cf-4c25-9077-d8d890c7d5c5"
  },
  "pid": 2384545,
  "ideName": "Visual Studio Code",
  "timestamp": 1773410872571,
  "workspaceFolders": [
    "/home/tu/tu_tu/tu_zxown31"
  ],
  "isTrusted": true
}