{
  "socketPath": "/tmp/mcp-UOojPQ/mcp.sock",
  "scheme": "unix",
  "headers": {
    "Authorization": "Nonce 9464df82-6b1e-4abd-9fcf-56034c5176d0"
  },
  "pid": 3734492,
  "ideName": "Visual Studio Code",
  "timestamp": 1774363439768,
  "workspaceFolders": [
    "/home/tu/tu_tu/tu_zxown31"
  ],
  "isTrusted": true
}