{
  "socketPath": "/tmp/mcp-zXcJ1Q/mcp.sock",
  "scheme": "unix",
  "headers": {
    "Authorization": "Nonce 16d9f149-8af4-4f43-8ffc-13a8eeaf36bb"
  },
  "pid": 2141844,
  "ideName": "Visual Studio Code",
  "timestamp": 1771590283090,
  "workspaceFolders": [
    "/home/tu/tu_tu/tu_zxown31"
  ],
  "isTrusted": true
}