{
  "socketPath": "/tmp/mcp-Ln5hcW/mcp.sock",
  "scheme": "unix",
  "headers": {
    "Authorization": "Nonce 9d187849-056a-47bf-9416-425be7e58025"
  },
  "pid": 2661745,
  "ideName": "Visual Studio Code",
  "timestamp": 1773685220661,
  "workspaceFolders": [
    "/home/tu/tu_tu/tu_zxown31"
  ],
  "isTrusted": true
}