{
  "socketPath": "/tmp/mcp-65Tb6R/mcp.sock",
  "scheme": "unix",
  "headers": {
    "Authorization": "Nonce 5b80defe-9b21-4537-8f30-03479465d18f"
  },
  "pid": 3924872,
  "ideName": "Visual Studio Code",
  "timestamp": 1772021078910,
  "workspaceFolders": [
    "/home/tu/tu_tu/tu_zxown31"
  ],
  "isTrusted": true
}