{
  "socketPath": "/tmp/mcp-hLObR2/mcp.sock",
  "scheme": "unix",
  "headers": {
    "Authorization": "Nonce 71146b84-2a13-43cc-b575-b209b22e6a06"
  },
  "pid": 1004164,
  "ideName": "Visual Studio Code",
  "timestamp": 1790685855544,
  "workspaceFolders": [
    "/home/tu/tu_tu/tu_zxown31/Rebound_simulation"
  ],
  "isTrusted": true
}