{
  "socketPath": "/tmp/mcp-ruFn6z/mcp.sock",
  "scheme": "unix",
  "headers": {
    "Authorization": "Nonce eb3c3460-c7ba-404c-a425-7a5f9ec37505"
  },
  "pid": 1226625,
  "ideName": "Visual Studio Code",
  "timestamp": 1791370980425,
  "workspaceFolders": [
    "/home/tu/tu_tu/tu_zxown31"
  ],
  "isTrusted": true
}