{
  "socketPath": "/tmp/mcp-csbzy4/mcp.sock",
  "scheme": "unix",
  "headers": {
    "Authorization": "Nonce 6409be7f-98bd-4f74-b2f3-859848b7d708"
  },
  "pid": 245008,
  "ideName": "Visual Studio Code",
  "timestamp": 1791187738206,
  "workspaceFolders": [
    "/home/tu/tu_tu/tu_zxown31"
  ],
  "isTrusted": true
}