{
  "socketPath": "/tmp/mcp-tmeiXb/mcp.sock",
  "scheme": "unix",
  "headers": {
    "Authorization": "Nonce 9f5f5574-d443-49d4-bda6-8c8f50a9f49d"
  },
  "pid": 3226820,
  "ideName": "Visual Studio Code",
  "timestamp": 1772107080550,
  "workspaceFolders": [
    "/home/tu/tu_tu/tu_zxown31"
  ],
  "isTrusted": true
}